
Microsoft Visual Studio Solution File, Format Version 12.00
# Visual Studio Version 17
VisualStudioVersion = 17.8.34330.188
MinimumVisualStudioVersion = 10.0.40219.1
Project("{FAE04EC0-301F-11D3-BF4B-00C04F79EFBC}") = "AppParaMascaras", "AppParaMascaras\AppParaMascaras.csproj", "{AD65096C-322E-47AB-A887-F017FB6CD473}"
EndProject
Global
	GlobalSection(SolutionConfigurationPlatforms) = preSolution
		Debug|Any CPU = Debug|Any CPU
		Release|Any CPU = Release|Any CPU
	EndGlobalSection
	GlobalSection(ProjectConfigurationPlatforms) = postSolution
		{AD65096C-322E-47AB-A887-F017FB6CD473}.Debug|Any CPU.ActiveCfg = Debug|Any CPU
		{AD65096C-322E-47AB-A887-F017FB6CD473}.Debug|Any CPU.Build.0 = Debug|Any CPU
		{AD65096C-322E-47AB-A887-F017FB6CD473}.Release|Any CPU.ActiveCfg = Release|Any CPU
		{AD65096C-322E-47AB-A887-F017FB6CD473}.Release|Any CPU.Build.0 = Release|Any CPU
	EndGlobalSection
	GlobalSection(SolutionProperties) = preSolution
		HideSolutionNode = FALSE
	EndGlobalSection
	GlobalSection(ExtensibilityGlobals) = postSolution
		SolutionGuid = {31B4817B-2D7F-4A26-A611-B9F42A2D56BE}
	EndGlobalSection
EndGlobal
